
Microsoft Visual Studio Solution File, Format Version 12.00
# Visual Studio Version 16
VisualStudioVersion = 16.0.30320.27
MinimumVisualStudioVersion = 10.0.40219.1
Project("{FAE04EC0-301F-11D3-BF4B-00C04F79EFBC}") = "TestKafka", "TestKafka\TestKafka.csproj", "{70096FE5-4C35-4192-BCE0-5ABDF9B3B727}"
EndProject
Global
	GlobalSection(SolutionConfigurationPlatforms) = preSolution
		Debug|Any CPU = Debug|Any CPU
		Release|Any CPU = Release|Any CPU
	EndGlobalSection
	GlobalSection(ProjectConfigurationPlatforms) = postSolution
		{70096FE5-4C35-4192-BCE0-5ABDF9B3B727}.Debug|Any CPU.ActiveCfg = Debug|Any CPU
		{70096FE5-4C35-4192-BCE0-5ABDF9B3B727}.Debug|Any CPU.Build.0 = Debug|Any CPU
		{70096FE5-4C35-4192-BCE0-5ABDF9B3B727}.Release|Any CPU.ActiveCfg = Release|Any CPU
		{70096FE5-4C35-4192-BCE0-5ABDF9B3B727}.Release|Any CPU.Build.0 = Release|Any CPU
	EndGlobalSection
	GlobalSection(SolutionProperties) = preSolution
		HideSolutionNode = FALSE
	EndGlobalSection
	GlobalSection(ExtensibilityGlobals) = postSolution
		SolutionGuid = {52B241CF-BB2E-47E4-8F47-FF0C27497574}
	EndGlobalSection
EndGlobal
